
Microsoft Visual Studio Solution File, Format Version 12.00
# Visual Studio Version 16
VisualStudioVersion = 16.0.31205.134
MinimumVisualStudioVersion = 10.0.40219.1
Project("{FAE04EC0-301F-11D3-BF4B-00C04F79EFBC}") = "GGP.Web.Api", "GGP.Web.Api\GGP.Web.Api.csproj", "{541CBAEE-E9E8-43B5-97FB-A736EBF9FCB0}"
EndProject
Global
	GlobalSection(SolutionConfigurationPlatforms) = preSolution
		Debug|Any CPU = Debug|Any CPU
		Release|Any CPU = Release|Any CPU
	EndGlobalSection
	GlobalSection(ProjectConfigurationPlatforms) = postSolution
		{541CBAEE-E9E8-43B5-97FB-A736EBF9FCB0}.Debug|Any CPU.ActiveCfg = Debug|Any CPU
		{541CBAEE-E9E8-43B5-97FB-A736EBF9FCB0}.Debug|Any CPU.Build.0 = Debug|Any CPU
		{541CBAEE-E9E8-43B5-97FB-A736EBF9FCB0}.Release|Any CPU.ActiveCfg = Release|Any CPU
		{541CBAEE-E9E8-43B5-97FB-A736EBF9FCB0}.Release|Any CPU.Build.0 = Release|Any CPU
	EndGlobalSection
	GlobalSection(SolutionProperties) = preSolution
		HideSolutionNode = FALSE
	EndGlobalSection
	GlobalSection(ExtensibilityGlobals) = postSolution
		SolutionGuid = {1B17ABEE-32D7-4906-B156-C428E4CA9313}
	EndGlobalSection
EndGlobal
